{
    "requires": true,
    "lockfileVersion": 1,
    "dependencies": {
        "ckeditor4": {
            "version": "4.16.2",
            "resolved": "https://registry.npmjs.org/ckeditor4/-/ckeditor4-4.16.2.tgz",
            "integrity": "sha512-5x2FmI+yGpQIKISh24Wp4HwjQxN6C4Lw59yh68HbFwcnMu8DvSiZLJfeINGvRG1oQ1L9GzJ5Pqd0PL0KDH08Jw=="
        },
        "ckeditor4-angular": {
            "version": "2.2.2",
            "resolved": "https://registry.npmjs.org/ckeditor4-angular/-/ckeditor4-angular-2.2.2.tgz",
            "integrity": "sha512-myTTh3JGknHfylBfxaqU5ZjEmQVGtj5C6bcvFrhBBQ1MwTlQIO2zHrtYbNc4wudkjVfizDh3jk6DioBLlaISpw==",
            "requires": {
                "ckeditor4-integrations-common": "^1.0.0",
                "tslib": "^2.0.0"
            }
        },
        "ckeditor4-integrations-common": {
            "version": "1.0.0",
            "resolved": "https://registry.npmjs.org/ckeditor4-integrations-common/-/ckeditor4-integrations-common-1.0.0.tgz",
            "integrity": "sha512-OAoQT/gYrHkg0qgzf6MS/rndYhq3SScLVQ3rtXQeuCE8ju7nFHg3qZ7WGA2XpFxcZzsMP6hhugXqdel5vbcC3g=="
        },
        "ckeditor4-react": {
            "version": "2.0.1",
            "resolved": "https://registry.npmjs.org/ckeditor4-react/-/ckeditor4-react-2.0.1.tgz",
            "integrity": "sha512-eQosTZMs7IGQC2Cqp7tS3DJiUdGkQSi0F+WkqEc12NrpH9wZQYu1TurpsHXe9MRK21+HSl2nbQgVfGiUIPcKQg==",
            "requires": {
                "ckeditor4-integrations-common": "^1.0.0",
                "prop-types": "^15.7.2"
            }
        },
        "ckeditor4-vue": {
            "version": "1.3.2",
            "resolved": "https://registry.npmjs.org/ckeditor4-vue/-/ckeditor4-vue-1.3.2.tgz",
            "integrity": "sha512-fke3mzWz/9GrBS/sfeJIRzkqDkfocY2hI268zgb5nwzfWMV87k5zXtbZgCn8vhNg48f69AFDdJ5Oh4/Wa5GTag==",
            "requires": {
                "ckeditor4-integrations-common": "^0.2.0"
            },
            "dependencies": {
                "ckeditor4-integrations-common": {
                    "version": "0.2.0",
                    "resolved": "https://registry.npmjs.org/ckeditor4-integrations-common/-/ckeditor4-integrations-common-0.2.0.tgz",
                    "integrity": "sha512-KkHztF0bkGOnTcifWFd55j5Y9SCR3uk12SGgS6L1mZNnBeIJFCcgTwZWEHtG2aDJF7aZob7cex1CShL+SrNuow==",
                    "requires": {
                        "load-script": "^1.0.0"
                    }
                }
            }
        },
        "js-tokens": {
            "version": "4.0.0",
            "resolved": "https://registry.npmjs.org/js-tokens/-/js-tokens-4.0.0.tgz",
            "integrity": "sha512-RdJUflcE3cUzKiMqQgsCu06FPu9UdIJO0beYbPhHN4k6apgJtifcoCtT9bcxOpYBtpD2kCM6Sbzg4CausW/PKQ=="
        },
        "load-script": {
            "version": "1.0.0",
            "resolved": "https://registry.npmjs.org/load-script/-/load-script-1.0.0.tgz",
            "integrity": "sha1-BJGTngvuVkPuSUp+PaPSuscMbKQ="
        },
        "loose-envify": {
            "version": "1.4.0",
            "resolved": "https://registry.npmjs.org/loose-envify/-/loose-envify-1.4.0.tgz",
            "integrity": "sha512-lyuxPGr/Wfhrlem2CL/UcnUc1zcqKAImBDzukY7Y5F/yQiNdko6+fRLevlw1HgMySw7f611UIY408EtxRSoK3Q==",
            "requires": {
                "js-tokens": "^3.0.0 || ^4.0.0"
            }
        },
        "object-assign": {
            "version": "4.1.1",
            "resolved": "https://registry.npmjs.org/object-assign/-/object-assign-4.1.1.tgz",
            "integrity": "sha1-IQmtx5ZYh8/AXLvUQsrIv7s2CGM="
        },
        "prop-types": {
            "version": "15.7.2",
            "resolved": "https://registry.npmjs.org/prop-types/-/prop-types-15.7.2.tgz",
            "integrity": "sha512-8QQikdH7//R2vurIJSutZ1smHYTcLpRWEOlHnzcWHmBYrOGUysKwSsrC89BCiFj3CbrfJ/nXFdJepOVrY1GCHQ==",
            "requires": {
                "loose-envify": "^1.4.0",
                "object-assign": "^4.1.1",
                "react-is": "^16.8.1"
            }
        },
        "react-is": {
            "version": "16.13.1",
            "resolved": "https://registry.npmjs.org/react-is/-/react-is-16.13.1.tgz",
            "integrity": "sha512-24e6ynE2H+OKt4kqsOvNd8kBpV65zoxbA4BVsEOB3ARVWQki/DHzaUoC5KuON/BiccDaCCTZBuOcfZs70kR8bQ=="
        },
        "tslib": {
            "version": "2.3.1",
            "resolved": "https://registry.npmjs.org/tslib/-/tslib-2.3.1.tgz",
            "integrity": "sha512-77EbyPPpMz+FRFRuAFlWMtmgUWGe9UOG2Z25NqCwiIjRhOf5iKGuzSe5P2w1laq+FkRy4p+PCuVkJSGkzTEKVw=="
        }
    }
}
